
Microsoft Visual Studio Solution File, Format Version 12.00
# Visual Studio Version 16
VisualStudioVersion = 16.0.31727.386
MinimumVisualStudioVersion = 10.0.40219.1
Project("{FAE04EC0-301F-11D3-BF4B-00C04F79EFBC}") = "Ledger.MarketPlace", "Ledger.MarketPlace\Ledger.MarketPlace.csproj", "{23B6982A-E34D-422A-9605-4DD0CC6A5751}"
EndProject
Project("{FAE04EC0-301F-11D3-BF4B-00C04F79EFBC}") = "Ledger.MarketPlace.Test", "Ledger.MarketPlace.Test\Ledger.MarketPlace.Test.csproj", "{A4FAAAE5-4276-452A-8EF6-EE21F37BCFA3}"
EndProject
Global
	GlobalSection(SolutionConfigurationPlatforms) = preSolution
		Debug|Any CPU = Debug|Any CPU
		Release|Any CPU = Release|Any CPU
	EndGlobalSection
	GlobalSection(ProjectConfigurationPlatforms) = postSolution
		{23B6982A-E34D-422A-9605-4DD0CC6A5751}.Debug|Any CPU.ActiveCfg = Debug|Any CPU
		{23B6982A-E34D-422A-9605-4DD0CC6A5751}.Debug|Any CPU.Build.0 = Debug|Any CPU
		{23B6982A-E34D-422A-9605-4DD0CC6A5751}.Release|Any CPU.ActiveCfg = Release|Any CPU
		{23B6982A-E34D-422A-9605-4DD0CC6A5751}.Release|Any CPU.Build.0 = Release|Any CPU
		{A4FAAAE5-4276-452A-8EF6-EE21F37BCFA3}.Debug|Any CPU.ActiveCfg = Debug|Any CPU
		{A4FAAAE5-4276-452A-8EF6-EE21F37BCFA3}.Debug|Any CPU.Build.0 = Debug|Any CPU
		{A4FAAAE5-4276-452A-8EF6-EE21F37BCFA3}.Release|Any CPU.ActiveCfg = Release|Any CPU
		{A4FAAAE5-4276-452A-8EF6-EE21F37BCFA3}.Release|Any CPU.Build.0 = Release|Any CPU
	EndGlobalSection
	GlobalSection(SolutionProperties) = preSolution
		HideSolutionNode = FALSE
	EndGlobalSection
	GlobalSection(ExtensibilityGlobals) = postSolution
		SolutionGuid = {21BFC7A8-5164-420A-A7BD-7E9E2AC391D4}
	EndGlobalSection
EndGlobal
